
Microsoft Visual Studio Solution File, Format Version 12.00
# Visual Studio Version 16
VisualStudioVersion = 16.0.30320.27
MinimumVisualStudioVersion = 10.0.40219.1
Project("{FAE04EC0-301F-11D3-BF4B-00C04F79EFBC}") = "DHCP Release Attack", "DHCP Release Attack\DHCP Release Attack.csproj", "{5E0A7500-1C1A-4A4E-8AC0-20E4EE2784B0}"
EndProject
Project("{FAE04EC0-301F-11D3-BF4B-00C04F79EFBC}") = "DHCP Discover", "DHCP Discover\DHCP Discover.csproj", "{66609CDB-631E-438D-86B6-B6C7DD667A5E}"
EndProject
Project("{FAE04EC0-301F-11D3-BF4B-00C04F79EFBC}") = "DHCP Request", "DHCP Request\DHCP Request.csproj", "{F7111E96-184E-4C20-A374-1088BAD10A46}"
EndProject
Project("{2150E333-8FDC-42A3-9474-1A3956D46DE8}") = "DHCP Attacks", "DHCP Attacks", "{D36144C1-ACBE-44A7-827F-EDF35EF1C2EF}"
EndProject
Project("{2150E333-8FDC-42A3-9474-1A3956D46DE8}") = "NuGet Packet", "NuGet Packet", "{8BD8D54A-AF10-4F5B-AE33-899BA448BED8}"
EndProject
Project("{FAE04EC0-301F-11D3-BF4B-00C04F79EFBC}") = "DHCPDotNet", "DHCP.Net\DHCPDotNet.csproj", "{337366CE-2CDA-497F-A341-E8DD05F0D571}"
EndProject
Global
	GlobalSection(SolutionConfigurationPlatforms) = preSolution
		Debug|Any CPU = Debug|Any CPU
		Release|Any CPU = Release|Any CPU
	EndGlobalSection
	GlobalSection(ProjectConfigurationPlatforms) = postSolution
		{5E0A7500-1C1A-4A4E-8AC0-20E4EE2784B0}.Debug|Any CPU.ActiveCfg = Debug|Any CPU
		{5E0A7500-1C1A-4A4E-8AC0-20E4EE2784B0}.Debug|Any CPU.Build.0 = Debug|Any CPU
		{5E0A7500-1C1A-4A4E-8AC0-20E4EE2784B0}.Release|Any CPU.ActiveCfg = Release|Any CPU
		{5E0A7500-1C1A-4A4E-8AC0-20E4EE2784B0}.Release|Any CPU.Build.0 = Release|Any CPU
		{66609CDB-631E-438D-86B6-B6C7DD667A5E}.Debug|Any CPU.ActiveCfg = Debug|Any CPU
		{66609CDB-631E-438D-86B6-B6C7DD667A5E}.Debug|Any CPU.Build.0 = Debug|Any CPU
		{66609CDB-631E-438D-86B6-B6C7DD667A5E}.Release|Any CPU.ActiveCfg = Release|Any CPU
		{66609CDB-631E-438D-86B6-B6C7DD667A5E}.Release|Any CPU.Build.0 = Release|Any CPU
		{F7111E96-184E-4C20-A374-1088BAD10A46}.Debug|Any CPU.ActiveCfg = Debug|Any CPU
		{F7111E96-184E-4C20-A374-1088BAD10A46}.Debug|Any CPU.Build.0 = Debug|Any CPU
		{F7111E96-184E-4C20-A374-1088BAD10A46}.Release|Any CPU.ActiveCfg = Release|Any CPU
		{F7111E96-184E-4C20-A374-1088BAD10A46}.Release|Any CPU.Build.0 = Release|Any CPU
		{337366CE-2CDA-497F-A341-E8DD05F0D571}.Debug|Any CPU.ActiveCfg = Debug|Any CPU
		{337366CE-2CDA-497F-A341-E8DD05F0D571}.Debug|Any CPU.Build.0 = Debug|Any CPU
		{337366CE-2CDA-497F-A341-E8DD05F0D571}.Release|Any CPU.ActiveCfg = Release|Any CPU
		{337366CE-2CDA-497F-A341-E8DD05F0D571}.Release|Any CPU.Build.0 = Release|Any CPU
	EndGlobalSection
	GlobalSection(SolutionProperties) = preSolution
		HideSolutionNode = FALSE
	EndGlobalSection
	GlobalSection(NestedProjects) = preSolution
		{5E0A7500-1C1A-4A4E-8AC0-20E4EE2784B0} = {D36144C1-ACBE-44A7-827F-EDF35EF1C2EF}
		{337366CE-2CDA-497F-A341-E8DD05F0D571} = {8BD8D54A-AF10-4F5B-AE33-899BA448BED8}
	EndGlobalSection
	GlobalSection(ExtensibilityGlobals) = postSolution
		SolutionGuid = {2E15222B-0B65-46E5-857C-DD9ED7F39BCB}
	EndGlobalSection
EndGlobal
